#MicroXplorer Configuration settings - do not modify
ADC1.Channel-0\#ChannelRegularConversion=ADC_CHANNEL_VINP1
ADC1.IPParameters=Rank-0\#ChannelRegularConversion,RankArg-0\#ChannelRegularConversion,Channel-0\#ChannelRegularConversion,VoltRange-0\#ChannelRegularConversion,Number-0\#ChannelRegularConversion,NbrOfConversionFlag,master,SelectedChannel
ADC1.NbrOfConversionFlag=1
ADC1.Number-0\#ChannelRegularConversion=ADC_CALIB_NONE
ADC1.Rank-0\#ChannelRegularConversion=1
ADC1.RankArg-0\#ChannelRegularConversion=ADC_RANK_1
ADC1.SelectedChannel=ADC_CHANNEL_VINP1|ADC_CHANNEL_VINP2
ADC1.VoltRange-0\#ChannelRegularConversion=ADC_VIN_RANGE_1V2
ADC1.master=1
CAD.formats=
CAD.pinconfig=
CAD.provider=
File.Version=6
GPIO.groupedBy=Group By Peripherals
I2C1.IPParameters=Timing
I2C1.Timing=0x00303D5B
KeepUserPlacement=false
MMTAppReg1.MEMORYMAP.AppRegionName=RAM
MMTAppReg1.MEMORYMAP.ContextName=Cortex-M0+NS
MMTAppReg1.MEMORYMAP.CoreName=ARM Cortex-M0+
MMTAppReg1.MEMORYMAP.DefaultDataRegion=true
MMTAppReg1.MEMORYMAP.IPParameters=StartAddress,Size,CoreName,DefaultDataRegion,ContextName,Name
MMTAppReg1.MEMORYMAP.Name=RAM
MMTAppReg1.MEMORYMAP.Size=65536
MMTAppReg1.MEMORYMAP.StartAddress=0x20000000
MMTAppReg2.MEMORYMAP.AP=RO_priv_only
MMTAppReg2.MEMORYMAP.AppRegionName=FLASH
MMTAppReg2.MEMORYMAP.Cacheability=WTRA
MMTAppReg2.MEMORYMAP.ContextName=Cortex-M0+NS
MMTAppReg2.MEMORYMAP.CoreName=ARM Cortex-M0+
MMTAppReg2.MEMORYMAP.DefaultCodeRegion=true
MMTAppReg2.MEMORYMAP.DefaultDataRegion=false
MMTAppReg2.MEMORYMAP.IPParameters=StartAddress,Size,CoreName,DefaultDataRegion,MemType,ContextName,Name,AP,Cacheability,DefaultCodeRegion
MMTAppReg2.MEMORYMAP.MemType=ROM
MMTAppReg2.MEMORYMAP.Name=FLASH
MMTAppReg2.MEMORYMAP.Size=262144
MMTAppReg2.MEMORYMAP.StartAddress=0x10040000
MMTAppReg3.MEMORYMAP.AP=RO_priv_only
MMTAppReg3.MEMORYMAP.AppRegionName=REGION_ROM
MMTAppReg3.MEMORYMAP.Cacheability=WTRA
MMTAppReg3.MEMORYMAP.ContextName=Cortex-M0+NS
MMTAppReg3.MEMORYMAP.CoreName=ARM Cortex-M0+
MMTAppReg3.MEMORYMAP.DefaultCodeRegion=true
MMTAppReg3.MEMORYMAP.DefaultDataRegion=false
MMTAppReg3.MEMORYMAP.IPParameters=StartAddress,Size,CoreName,DefaultDataRegion,MemType,ContextName,Name,AP,Cacheability,DefaultCodeRegion
MMTAppReg3.MEMORYMAP.MemType=ROM
MMTAppReg3.MEMORYMAP.Name=REGION_ROM
MMTAppReg3.MEMORYMAP.Size=6144
MMTAppReg3.MEMORYMAP.StartAddress=0x10000000
MMTAppRegionsCount=3
MMTConfigApplied=false
MMTSectionSuffix=
Mcu.CPN=STM32WB07CCV6TR
Mcu.Family=STM32WB0
Mcu.IP0=ADC1
Mcu.IP1=ADV_TRACE
Mcu.IP10=PKA
Mcu.IP11=PWR
Mcu.IP12=RADIO
Mcu.IP13=RADIO_TIMER
Mcu.IP14=RCC
Mcu.IP15=RNG
Mcu.IP16=RTC
Mcu.IP17=SEQUENCER
Mcu.IP18=SPI2
Mcu.IP19=STM32_BLE
Mcu.IP2=COMMON_BLE
Mcu.IP20=SYS
Mcu.IP21=TIM1
Mcu.IP22=TINY_LPM
Mcu.IP23=USART1
Mcu.IP3=CORTEX_M0+
Mcu.IP4=DEBUG
Mcu.IP5=I2C1
Mcu.IP6=I2C2
Mcu.IP7=MEMORYMAP
Mcu.IP8=MISC
Mcu.IP9=NVIC
Mcu.IPNb=24
Mcu.Name=STM32WB07CCVx
Mcu.Package=VFQFPN48
Mcu.Pin0=PB3
Mcu.Pin1=PB2
Mcu.Pin10=PA9
Mcu.Pin11=PA8
Mcu.Pin12=PA0
Mcu.Pin13=PA1
Mcu.Pin14=PA2
Mcu.Pin15=PA3
Mcu.Pin16=PA4
Mcu.Pin17=PA5
Mcu.Pin18=PA6
Mcu.Pin19=PA7
Mcu.Pin2=PB1
Mcu.Pin20=RF1
Mcu.Pin21=OSCOUT
Mcu.Pin22=OSCIN
Mcu.Pin23=PB15
Mcu.Pin24=PB14
Mcu.Pin25=PB13
Mcu.Pin26=PB12
Mcu.Pin27=PB11
Mcu.Pin28=PB10
Mcu.Pin29=PB9
Mcu.Pin3=PB0
Mcu.Pin30=PB8
Mcu.Pin31=PB7
Mcu.Pin32=PB6
Mcu.Pin33=PB5
Mcu.Pin34=PB4
Mcu.Pin35=VP_ADV_TRACE_VS_ADV_TRACE
Mcu.Pin36=VP_COMMON_BLE_VS_Utility_Common_BLE_1.0.0_1.0.0
Mcu.Pin37=VP_MISC_VS_MISC
Mcu.Pin38=VP_PKA_VS_PKA
Mcu.Pin39=VP_PWR_VS_SECSignals
Mcu.Pin4=PA15
Mcu.Pin40=VP_RADIO_TIMER_VS_RADIO
Mcu.Pin41=VP_RNG_VS_RNG
Mcu.Pin42=VP_RTC_VS_RTC_Activate
Mcu.Pin43=VP_SEQUENCER_VS_SEQUENCER
Mcu.Pin44=VP_STM32_BLE_VS_BLE_HOST_RP
Mcu.Pin45=VP_SYS_VS_Systick
Mcu.Pin46=VP_TINY_LPM_VS_TINY_LPM
Mcu.Pin47=VP_MEMORYMAP_VS_MEMORYMAP
Mcu.Pin5=PA14
Mcu.Pin6=PA13
Mcu.Pin7=PA12
Mcu.Pin8=PA11
Mcu.Pin9=PA10
Mcu.PinsNb=48
Mcu.ThirdParty0=STMicroelectronics.X-CUBE-BLE1.7.0.0
Mcu.ThirdPartyNb=1
Mcu.UserConstants=
Mcu.UserName=STM32WB07CCVx
MxCube.Version=6.16.1
MxDb.Version=DB.6.0.161
NVIC.ForceEnableDMAVector=true
NVIC.GPIOA_IRQn=true\:1\:0\:false\:false\:true\:true\:true\:true
NVIC.HardFault_IRQn=true\:0\:0\:false\:false\:true\:false\:false\:false
NVIC.NonMaskableInt_IRQn=true\:0\:0\:false\:false\:true\:false\:false\:false
NVIC.PKA_IRQn=true\:1\:0\:false\:false\:true\:true\:true\:true
NVIC.PendSV_IRQn=true\:0\:0\:false\:false\:true\:false\:false\:false
NVIC.RADIO_RRM_IRQn=true\:0\:0\:false\:false\:true\:false\:true\:true
NVIC.RADIO_TIMER_CPU_WKUP_IRQn=true\:0\:0\:false\:false\:true\:false\:true\:true
NVIC.RADIO_TIMER_ERROR_IRQn=true\:0\:0\:false\:false\:true\:false\:true\:true
NVIC.RADIO_TIMER_TXRX_WKUP_IRQn=true\:0\:0\:false\:false\:true\:false\:true\:true
NVIC.RADIO_TXRX_IRQn=true\:0\:0\:false\:false\:true\:false\:true\:true
NVIC.RADIO_TXRX_SEQ_IRQn=true\:0\:0\:false\:false\:true\:false\:true\:true
NVIC.SVCall_IRQn=true\:0\:0\:false\:false\:true\:false\:false\:false
NVIC.SysTick_IRQn=true\:3\:0\:false\:false\:true\:false\:true\:false
OSCIN.Mode=HSE-External-Oscillator
OSCIN.Signal=RCC_OSC_IN
OSCOUT.Mode=HSE-External-Oscillator
OSCOUT.Signal=RCC_OSC_OUT
PA0.GPIOParameters=GPIO_Label
PA0.GPIO_Label=I2C1_SCL to MIA-M10Q_SCL
PA0.Locked=true
PA0.Mode=I2C
PA0.Signal=I2C1_SCL
PA1.GPIOParameters=GPIO_Label
PA1.GPIO_Label=I2C1_SDA to MIA-M10Q_SDA
PA1.Locked=true
PA1.Mode=I2C
PA1.Signal=I2C1_SDA
PA10.Locked=true
PA10.Mode=TX_SEQUENCE
PA10.Signal=RADIO_TX_SEQUENCE
PA11.GPIOParameters=GPIO_Label,GPIO_ModeDefaultEXTI
PA11.GPIO_Label=PA11_GPIO_EXTI11 to MVH4003D_ALERT
PA11.GPIO_ModeDefaultEXTI=GPIO_MODE_IT_FALLING
PA11.Locked=true
PA11.Signal=GPXTI11
PA12.GPIOParameters=GPIO_Label
PA12.GPIO_Label=PA12_GPIO_EXTI12 to BMI270_INT1
PA12.Locked=true
PA12.Signal=GPXTI12
PA13.GPIOParameters=GPIO_Speed,GPIO_Label
PA13.GPIO_Label=I2C2_SCL to Sensors_SCL
PA13.GPIO_Speed=GPIO_SPEED_FREQ_HIGH
PA13.Locked=true
PA13.Mode=I2C
PA13.Signal=I2C2_SCL
PA14.GPIOParameters=GPIO_Speed,GPIO_Label,GPIO_Pu
PA14.GPIO_Label=I2C2_SDA to Sensors_SDA
PA14.GPIO_Pu=GPIO_NOPULL
PA14.GPIO_Speed=GPIO_SPEED_FREQ_VERY_HIGH
PA14.Locked=true
PA14.Mode=I2C
PA14.Signal=I2C2_SDA
PA15.GPIOParameters=GPIO_Label
PA15.GPIO_Label=ADC1_VINP2 to BATTERY
PA15.Locked=true
PA15.Mode=VINP2
PA15.Signal=ADC1_VINP2
PA2.Mode=Serial_Wire
PA2.Signal=DEBUG_SWDIO
PA3.Mode=Serial_Wire
PA3.Signal=DEBUG_SWCLK
PA4.GPIOParameters=GPIO_Speed,GPIO_Label
PA4.GPIO_Label=SPI2_NSS to Slave_CS
PA4.GPIO_Speed=GPIO_SPEED_FREQ_LOW
PA4.Locked=true
PA4.Signal=GPIO_Output
PA5.GPIOParameters=GPIO_Label
PA5.GPIO_Label=SPI2_SCK to Salve_SCK
PA5.Locked=true
PA5.Mode=Full_Duplex_Master
PA5.Signal=SPI2_SCK
PA6.GPIOParameters=GPIO_Label
PA6.GPIO_Label=SPI2_MOSI to Slave_MOSI
PA6.Locked=true
PA6.Mode=Full_Duplex_Master
PA6.Signal=SPI2_MOSI
PA7.GPIOParameters=GPIO_Label
PA7.GPIO_Label=SPI2_MISO to Slave_MISO
PA7.Locked=true
PA7.Mode=Full_Duplex_Master
PA7.Signal=SPI2_MISO
PA8.Locked=true
PA8.Mode=RX_SEQUENCE
PA8.Signal=RADIO_RX_SEQUENCE
PA9.GPIOParameters=GPIO_Speed,PinState,GPIO_Label
PA9.GPIO_Label=PA9_GPIO_OUTPUT to MIA-M10Q_RESET 
PA9.GPIO_Speed=GPIO_SPEED_FREQ_HIGH
PA9.Locked=true
PA9.PinState=GPIO_PIN_SET
PA9.Signal=GPIO_Output
PB0.GPIOParameters=GPIO_Label
PB0.GPIO_Label=PB0_GPIO_EXTI0 to BMI270_INT2
PB0.Locked=true
PB0.Signal=GPXTI0
PB1.GPIOParameters=GPIO_Label
PB1.GPIO_Label=ADC1_VINP1 to Temperature_Sensor
PB1.Locked=true
PB1.Mode=VINP1
PB1.Signal=ADC1_VINP1
PB10.GPIOParameters=GPIO_Label
PB10.GPIO_Label=TIM1_CH2 to Mot3_PWM
PB10.Locked=true
PB10.Signal=S_TIM1_CH2
PB11.GPIOParameters=GPIO_Label
PB11.GPIO_Label=TIM1_CH1 to Mot4_PWM
PB11.Locked=true
PB11.Signal=S_TIM1_CH1
PB12.Mode=LSE-External-Oscillator
PB12.Signal=RCC_OSC32_OUT
PB13.Mode=LSE-External-Oscillator
PB13.Signal=RCC_OSC32_IN
PB14.GPIOParameters=GPIO_Label
PB14.GPIO_Label=USART1_RX to MIA-M10Q_TX
PB14.Locked=true
PB14.Mode=Asynchronous
PB14.Signal=USART1_RX
PB15.GPIOParameters=GPIO_Label
PB15.GPIO_Label=USART1_TX to MIA-M10Q_RX
PB15.Locked=true
PB15.Mode=Asynchronous
PB15.Signal=USART1_TX
PB2.GPIOParameters=GPIO_Label
PB2.GPIO_Label=TIM1_CH3 to Mot1_PWM
PB2.Locked=true
PB2.Signal=S_TIM1_CH3
PB3.GPIOParameters=GPIO_Label
PB3.GPIO_Label=TIM1_CH4 to Mot2_PWM
PB3.Locked=true
PB3.Signal=S_TIM1_CH4
PB4.GPIOParameters=GPIO_Label
PB4.GPIO_Label=PB4_GPIO_EXTI4 to TMAG5273C1QDBVR_INT
PB4.Locked=true
PB4.Signal=GPXTI4
PB5.GPIOParameters=GPIO_Label
PB5.GPIO_Label=PB5_GPIO_EXTI5 to LPS22HHTR_DRDY
PB5.Locked=true
PB5.Signal=GPXTI5
PB6.GPIOParameters=GPIO_Label
PB6.GPIO_Label=PB6_GPIO_EXTI6 to MIA-M10Q_TIME_PULSE/SAFEBOOT
PB6.Locked=true
PB6.Signal=GPXTI6
PB7.GPIOParameters=GPIO_Label
PB7.GPIO_Label=PB7_GPIO_EXTI7 to MIA-M10Q_INT
PB7.Locked=true
PB7.Signal=GPXTI7
PB8.GPIOParameters=GPIO_Label
PB8.GPIO_Label=PB8_GPIO_EXTI8 to ZMOD4510AI4R_INT
PB8.Locked=true
PB8.Signal=GPXTI8
PB9.GPIOParameters=GPIO_Speed,PinState,GPIO_Label
PB9.GPIO_Label=PB9_GPIO_OUTPUT to MIA-M10Q_VOL_SEL
PB9.GPIO_Speed=GPIO_SPEED_FREQ_HIGH
PB9.Locked=true
PB9.PinState=GPIO_PIN_SET
PB9.Signal=GPIO_Output
PCC.Checker=false
PCC.Line=STM32WBx7
PCC.MCU=STM32WB07CCVx
PCC.PartNumber=STM32WB07CCVx
PCC.Series=STM32WB0
PCC.Temperature=25
PCC.Vdd=3.3
PinOutPanel.RotationAngle=0
ProjectManager.AskForMigrate=true
ProjectManager.BackupPrevious=true
ProjectManager.CompilerLinker=GCC
ProjectManager.CompilerOptimize=6
ProjectManager.ComputerToolchain=false
ProjectManager.CoupleFile=true
ProjectManager.CustomerFirmwarePackage=
ProjectManager.DefaultFWLocation=true
ProjectManager.DeletePrevious=true
ProjectManager.DeviceId=STM32WB07CCVx
ProjectManager.FirmwarePackage=STM32Cube FW_WB0 V1.4.0
ProjectManager.FreePins=false
ProjectManager.FreePinsContext=
ProjectManager.HalAssertFull=false
ProjectManager.HeapSize=0x000
ProjectManager.KeepUserCode=true
ProjectManager.LastFirmware=true
ProjectManager.LibraryCopy=1
ProjectManager.MainLocation=Core/Src
ProjectManager.NoMain=false
ProjectManager.PreviousToolchain=STM32CubeIDE
ProjectManager.ProjectBuild=false
ProjectManager.ProjectFileName=BLE Pro test.ioc
ProjectManager.ProjectName=BLE Pro test
ProjectManager.ProjectStructure=
ProjectManager.RegisterCallBack=UART
ProjectManager.StackSize=0xC00
ProjectManager.TargetToolchain=STM32CubeIDE
ProjectManager.ToolChainLocation=
ProjectManager.UAScriptAfterPath=
ProjectManager.UAScriptBeforePath=
ProjectManager.UnderRoot=true
ProjectManager.functionlistsort=1-SystemClock_Config-RCC-false-HAL-false,2-MX_GPIO_Init-GPIO-false-HAL-true,3-MX_I2C2_Init-I2C2-false-HAL-true,4-MX_RADIO_Init-RADIO-false-HAL-true,5-MX_RADIO_TIMER_Init-RADIO_TIMER-false-HAL-true,6-MX_RTC_Init-RTC-false-HAL-true,7-MX_USART1_UART_Init-USART1-false-HAL-true,8-MX_RNG_Init-RNG-false-HAL-true,9-APPE_Init-STM32_BLE-false-HAL-false,10-MX_PKA_Init-PKA-false-HAL-true,11-MX_SPI2_Init-SPI2-false-HAL-true,12-MX_ADC1_Init-ADC1-false-HAL-true,13-MX_I2C1_Init-I2C1-false-HAL-true,14-MX_TIM1_Init-TIM1-false-HAL-true,0-MX_CORTEX_M0+_Init-CORTEX_M0+-false-HAL-true,0-MX_PWR_Init-PWR-false-HAL-true
RCC.BLEFreq_VALUE=16000000
RCC.BLEMultSource=RCC_RF_CLK_16M
RCC.CLKI2S2Freq_VALUE=32000000
RCC.CLKI2S3Freq_VALUE=32000000
RCC.CLKSYSFreq_VALUE=32000000
RCC.Clk16MHzFreq_VALUE=16000000
RCC.Clk32MHzFreq_VALUE=32000000
RCC.ClkSMPSFreq_VALUE=4000000
RCC.FamilyName=M
RCC.HSE_VALUE=32000000
RCC.HSI_VALUE=64000000
RCC.IPParameters=BLEFreq_VALUE,BLEMultSource,CLKI2S2Freq_VALUE,CLKI2S3Freq_VALUE,CLKSYSFreq_VALUE,Clk16MHzFreq_VALUE,Clk32MHzFreq_VALUE,ClkSMPSFreq_VALUE,FamilyName,HSE_VALUE,HSI_VALUE,LSCOPinFreq_Value,LSI_VALUE,MCO1PinFreq_Value,RC64MPLLSource,RTCClockSelection,RTCFreq_Value,SYSCLK64Divider,SysCLKFreq_VALUE
RCC.LSCOPinFreq_Value=32000
RCC.LSI_VALUE=32000
RCC.MCO1PinFreq_Value=32000000
RCC.RC64MPLLSource=RCC_LSCOSOURCE_PLL64
RCC.RTCClockSelection=RCC_RTC_WDG_BLEWKUP_CLKSOURCE_LSE
RCC.RTCFreq_Value=32768
RCC.SYSCLK64Divider=RCC_RC64MPLL_DIV2
RCC.SysCLKFreq_VALUE=64000000
RF1.Mode=RF1_Activate
RF1.Signal=RADIO_RF1
SH.GPXTI0.0=GPIO_EXTI0
SH.GPXTI0.ConfNb=1
SH.GPXTI11.0=GPIO_EXTI11
SH.GPXTI11.ConfNb=1
SH.GPXTI12.0=GPIO_EXTI12
SH.GPXTI12.ConfNb=1
SH.GPXTI4.0=GPIO_EXTI4
SH.GPXTI4.ConfNb=1
SH.GPXTI5.0=GPIO_EXTI5
SH.GPXTI5.ConfNb=1
SH.GPXTI6.0=GPIO_EXTI6
SH.GPXTI6.ConfNb=1
SH.GPXTI7.0=GPIO_EXTI7
SH.GPXTI7.ConfNb=1
SH.GPXTI8.0=GPIO_EXTI8
SH.GPXTI8.ConfNb=1
SH.S_TIM1_CH1.0=TIM1_CH1,PWM Generation1 CH1
SH.S_TIM1_CH1.ConfNb=1
SH.S_TIM1_CH2.0=TIM1_CH2,PWM Generation2 CH2
SH.S_TIM1_CH2.ConfNb=1
SH.S_TIM1_CH3.0=TIM1_CH3,PWM Generation3 CH3
SH.S_TIM1_CH3.ConfNb=1
SH.S_TIM1_CH4.0=TIM1_CH4,PWM Generation4 CH4
SH.S_TIM1_CH4.ConfNb=1
SPI2.BaudRatePrescaler=SPI_BAUDRATEPRESCALER_32
SPI2.CalculateBaudRate=1000.0 KBits/s
SPI2.DataSize=SPI_DATASIZE_8BIT
SPI2.Direction=SPI_DIRECTION_2LINES
SPI2.IPParameters=VirtualType,Mode,Direction,CalculateBaudRate,DataSize,BaudRatePrescaler,NSSPMode
SPI2.Mode=SPI_MODE_MASTER
SPI2.NSSPMode=SPI_NSS_PULSE_ENABLE
SPI2.VirtualType=VM_MASTER
STM32_BLE.AD_TYPE_COMPLETE_LOCAL_NAME=RFOXiA BLE
STM32_BLE.AD_TYPE_COMPLETE_LOCAL_NAME_LENGTH=11
STM32_BLE.BLE_CFG_MAX_NBR_GATT_EVT_HANDLERS=4
STM32_BLE.BSP.number=1
STM32_BLE.CFG_BD_ADDRESS_TYPE=HCI_ADDR_STATIC_RANDOM_ADDR
STM32_BLE.CFG_BLE_COC_MPS_MAX=247
STM32_BLE.CFG_BLE_CONNECTION_ENABLED=1
STM32_BLE.CFG_BLE_CONN_EVENT_LENGTH_MAX=4294967295
STM32_BLE.CFG_BLE_CONN_EVENT_LENGTH_MAX_HEXA=0xFFFFFFFF
STM32_BLE.CFG_BLE_CONTROLLER_SCAN_ENABLED=1
STM32_BLE.CFG_BLE_NUM_ADV_SETS=1
STM32_BLE.CFG_BLE_NUM_AUX_SCAN_SLOTS=0
STM32_BLE.CFG_BLE_NUM_BRC_BIS_MAX=2
STM32_BLE.CFG_BLE_NUM_CIG_MAX=2
STM32_BLE.CFG_BLE_NUM_CIS_MAX=2
STM32_BLE.CFG_BLE_NUM_OF_CONCURRENT_GATT_CLIENT_PROC=2
STM32_BLE.CFG_BLE_NUM_SYNC_BIS_MAX=2
STM32_BLE.CFG_BLE_NUM_SYNC_SLOTS=0
STM32_BLE.CFG_BLE_SECURE_CONNECTIONS_ENABLED=1
STM32_BLE.CFG_BLE_SLEEP_CLOCK_ACCURACY=500
STM32_BLE.CFG_BONDING_MODE=1
STM32_BLE.CFG_DEBUG_APP_TRACE=1
STM32_BLE.CFG_GAP_DEVICE_NAME=RFOXiA BLE
STM32_BLE.CFG_GAP_DEVICE_NAME_LENGTH=10
STM32_BLE.CFG_LSCLK_LSE=1
STM32_BLE.CFG_MITM_PROTECTION=GAP_MITM_PROTECTION_NOT_REQUIRED
STM32_BLE.CFG_PUBLIC_BD_ADDRESS=0x0280E1AAABAC
STM32_BLE.CFG_SC_SUPPORT=GAP_SC_NOT_SUPPORTED
STM32_BLE.CFG_TX_POWER=(0x1F) /* 0x1F <\=> 8 dBm */
STM32_BLE.CFG_TX_POWER_MODE=(1) /* Tx high power mode */
STM32_BLE.GATT_CLT_MAX_NUM_SERVERS=2
STM32_BLE.INCLUDE_AD_TYPE_COMPLETE_LOCAL_NAME=1
STM32_BLE.IPParameters=CFG_TX_POWER,CFG_TX_POWER_MODE,CFG_PUBLIC_BD_ADDRESS,CFG_BD_ADDRESS_TYPE,CFG_BONDING_MODE,CFG_MITM_PROTECTION,CFG_SC_SUPPORT,CFG_BLE_NUM_OF_CONCURRENT_GATT_CLIENT_PROC,CFG_BLE_CONN_EVENT_LENGTH_MAX,CFG_BLE_CONN_EVENT_LENGTH_MAX_HEXA,CFG_BLE_COC_MPS_MAX,CFG_BLE_NUM_ADV_SETS,CFG_BLE_NUM_AUX_SCAN_SLOTS,CFG_BLE_NUM_SYNC_SLOTS,CFG_BLE_NUM_SYNC_BIS_MAX,CFG_BLE_NUM_BRC_BIS_MAX,CFG_BLE_NUM_CIG_MAX,CFG_BLE_NUM_CIS_MAX,CFG_BLE_CONTROLLER_SCAN_ENABLED,CFG_BLE_SECURE_CONNECTIONS_ENABLED,CFG_BLE_CONNECTION_ENABLED,INCLUDE_AD_TYPE_COMPLETE_LOCAL_NAME,AD_TYPE_COMPLETE_LOCAL_NAME,AD_TYPE_COMPLETE_LOCAL_NAME_LENGTH,NUMBER_OF_SERVICES,SERVICE1_UUID_128_INPUT_TYPE,SERVICE1_UUID,SERVICE1_LONG_NAME,SERVICE1_SHORT_NAME,SERVICE1_NUMBER_OF_CHARACTERISTICS,SERVICE1_CHAR1_UUID_128_INPUT_TYPE,SERVICE1_CHAR1_SHORT_NAME,SERVICE1_CHAR1_LONG_NAME,SERVICE1_CHAR1_UUID,SERVICE1_CHAR1_PROP_READ,SERVICE1_CHAR1_PROP_NOTIFY,SERVICE1_CHAR1_LENGTH_CHARACTERISTIC,SERVICE1_CHAR1_VALUE_LENGTH,SERVICE1_CHAR1_GATT_NOTIFY_READ_REQ_AND_WAIT_FOR_APPL_RESP,SERVICE1_CHAR1_GATT_NOTIFY_WRITE_REQ_AND_WAIT_FOR_APPL_RESP,SERVICE1_CHAR2_UUID_128_INPUT_TYPE,SERVICE1_CHAR2_UUID,SERVICE1_CHAR2_LONG_NAME,SERVICE1_CHAR2_SHORT_NAME,SERVICE1_CHAR2_VALUE_LENGTH,SERVICE1_CHAR2_LENGTH_CHARACTERISTIC,SERVICE1_CHAR2_PROP_READ,SERVICE1_CHAR2_PROP_NOTIFY,SERVICE1_CHAR2_GATT_NOTIFY_READ_REQ_AND_WAIT_FOR_APPL_RESP,SERVICE1_CHAR2_GATT_NOTIFY_WRITE_REQ_AND_WAIT_FOR_APPL_RESP,CFG_GAP_DEVICE_NAME,CFG_GAP_DEVICE_NAME_LENGTH,CFG_BLE_SLEEP_CLOCK_ACCURACY,SERVICE2_UUID_128_INPUT_TYPE,SERVICE2_UUID,SERVICE2_LONG_NAME,SERVICE2_SHORT_NAME,SERVICE2_NUMBER_OF_CHARACTERISTICS,SERVICE2_CHAR1_UUID_128_INPUT_TYPE,SERVICE2_CHAR1_LONG_NAME,SERVICE2_CHAR1_UUID,SERVICE2_CHAR1_SHORT_NAME,SERVICE2_CHAR1_VALUE_LENGTH,SERVICE2_CHAR1_LENGTH_CHARACTERISTIC,SERVICE2_CHAR1_PROP_WRITE,SERVICE2_CHAR1_GATT_NOTIFY_WRITE_REQ_AND_WAIT_FOR_APPL_RESP,SERVICE2_CHAR1_GATT_NOTIFY_READ_REQ_AND_WAIT_FOR_APPL_RESP,SERVICE2_CHAR1_PROP_READ,SERVICE2_CHAR1_PROP_WRITE_NO_RESP,SERVICE1_CHAR3_UUID_128_INPUT_TYPE,SERVICE1_CHAR3_UUID,SERVICE1_CHAR3_LONG_NAME,SERVICE1_CHAR3_SHORT_NAME,SERVICE1_CHAR3_LENGTH_CHARACTERISTIC,SERVICE1_CHAR3_VALUE_LENGTH,SERVICE1_CHAR3_PROP_NOTIFY,SERVICE1_CHAR3_PROP_READ,SERVICE1_CHAR3_GATT_NOTIFY_READ_REQ_AND_WAIT_FOR_APPL_RESP,SERVICE1_CHAR3_GATT_NOTIFY_WRITE_REQ_AND_WAIT_FOR_APPL_RESP,SERVICE1_CHAR4_UUID_128_INPUT_TYPE,SERVICE1_CHAR4_LONG_NAME,SERVICE1_CHAR4_SHORT_NAME,SERVICE1_CHAR4_VALUE_LENGTH,SERVICE1_CHAR4_LENGTH_CHARACTERISTIC,SERVICE1_CHAR4_PROP_READ,SERVICE1_CHAR4_PROP_NOTIFY,SERVICE1_CHAR4_GATT_NOTIFY_WRITE_REQ_AND_WAIT_FOR_APPL_RESP,SERVICE1_CHAR4_GATT_NOTIFY_READ_REQ_AND_WAIT_FOR_APPL_RESP,SERVICE1_CHAR5_UUID_128_INPUT_TYPE,SERVICE1_CHAR5_LONG_NAME,SERVICE1_CHAR5_SHORT_NAME,SERVICE1_CHAR5_VALUE_LENGTH,SERVICE1_CHAR5_LENGTH_CHARACTERISTIC,SERVICE1_CHAR5_PROP_NOTIFY,SERVICE1_CHAR5_PROP_READ,SERVICE1_CHAR5_GATT_NOTIFY_WRITE_REQ_AND_WAIT_FOR_APPL_RESP,SERVICE1_CHAR5_GATT_NOTIFY_READ_REQ_AND_WAIT_FOR_APPL_RESP,SERVICE1_CHAR4_UUID,SERVICE1_CHAR5_UUID,SERVICE1_CHAR1_CHARACTERISTIC_TYPE,SERVICE1_CHAR2_CHARACTERISTIC_TYPE,SERVICE1_CHAR3_CHARACTERISTIC_TYPE,SERVICE1_CHAR4_CHARACTERISTIC_TYPE,SERVICE1_CHAR5_CHARACTERISTIC_TYPE,GATT_CLT_MAX_NUM_SERVERS,CFG_DEBUG_APP_TRACE,BLE_CFG_MAX_NBR_GATT_EVT_HANDLERS,SERVICE3_UUID_128_INPUT_TYPE,SERVICE3_UUID,SERVICE3_LONG_NAME,SERVICE3_SHORT_NAME,SERVICE3_NUMBER_OF_CHARACTERISTICS,SERVICE3_CHAR1_UUID_128_INPUT_TYPE,SERVICE3_CHAR1_UUID,SERVICE3_CHAR1_LONG_NAME,SERVICE3_CHAR1_LENGTH_CHARACTERISTIC,SERVICE3_CHAR1_PROP_WRITE_NO_RESP,SERVICE3_CHAR1_PROP_READ,SERVICE3_CHAR1_GATT_NOTIFY_WRITE_REQ_AND_WAIT_FOR_APPL_RESP,SERVICE3_CHAR1_GATT_NOTIFY_READ_REQ_AND_WAIT_FOR_APPL_RESP,SERVICE3_CHAR1_SHORT_NAME,SERVICE3_CHAR2_UUID_128_INPUT_TYPE,SERVICE3_CHAR2_UUID,SERVICE3_CHAR2_LONG_NAME,SERVICE3_CHAR2_SHORT_NAME,SERVICE3_CHAR2_VALUE_LENGTH,SERVICE3_CHAR2_LENGTH_CHARACTERISTIC,SERVICE3_CHAR2_PROP_READ,SERVICE3_CHAR2_GATT_NOTIFY_WRITE_REQ_AND_WAIT_FOR_APPL_RESP,SERVICE3_CHAR2_GATT_NOTIFY_READ_REQ_AND_WAIT_FOR_APPL_RESP,SERVICE3_CHAR2_PROP_NOTIFY,SERVICE3_CHAR3_UUID_128_INPUT_TYPE,SERVICE3_CHAR3_UUID,SERVICE3_CHAR3_LONG_NAME,SERVICE3_CHAR3_SHORT_NAME,SERVICE3_CHAR3_VALUE_LENGTH,SERVICE3_CHAR3_LENGTH_CHARACTERISTIC,SERVICE3_CHAR3_PROP_READ,SERVICE3_CHAR3_PROP_WRITE_NO_RESP,SERVICE3_CHAR3_GATT_NOTIFY_WRITE_REQ_AND_WAIT_FOR_APPL_RESP,SERVICE3_CHAR3_GATT_NOTIFY_READ_REQ_AND_WAIT_FOR_APPL_RESP,CFG_LSCLK_LSE
STM32_BLE.NUMBER_OF_SERVICES=3
STM32_BLE.SERVICE1_CHAR1_CHARACTERISTIC_TYPE=Buffered
STM32_BLE.SERVICE1_CHAR1_GATT_NOTIFY_READ_REQ_AND_WAIT_FOR_APPL_RESP=\ 
STM32_BLE.SERVICE1_CHAR1_GATT_NOTIFY_WRITE_REQ_AND_WAIT_FOR_APPL_RESP=\ 
STM32_BLE.SERVICE1_CHAR1_LENGTH_CHARACTERISTIC=CHAR_VALUE_LEN_VARIABLE
STM32_BLE.SERVICE1_CHAR1_LONG_NAME=Gyro_Char
STM32_BLE.SERVICE1_CHAR1_PROP_NOTIFY=BLE_GATT_SRV_CHAR_PROP_NOTIFY
STM32_BLE.SERVICE1_CHAR1_PROP_READ=BLE_GATT_SRV_CHAR_PROP_READ
STM32_BLE.SERVICE1_CHAR1_SHORT_NAME=Gyro_Char
STM32_BLE.SERVICE1_CHAR1_UUID=12 34 56 78 12 34 56 78 12 34 56 78 9A BC 21 01
STM32_BLE.SERVICE1_CHAR1_UUID_128_INPUT_TYPE=1
STM32_BLE.SERVICE1_CHAR1_VALUE_LENGTH=6
STM32_BLE.SERVICE1_CHAR2_CHARACTERISTIC_TYPE=Buffered
STM32_BLE.SERVICE1_CHAR2_GATT_NOTIFY_READ_REQ_AND_WAIT_FOR_APPL_RESP=\ 
STM32_BLE.SERVICE1_CHAR2_GATT_NOTIFY_WRITE_REQ_AND_WAIT_FOR_APPL_RESP=\ 
STM32_BLE.SERVICE1_CHAR2_LENGTH_CHARACTERISTIC=CHAR_VALUE_LEN_VARIABLE
STM32_BLE.SERVICE1_CHAR2_LONG_NAME=Acc_Char
STM32_BLE.SERVICE1_CHAR2_PROP_NOTIFY=BLE_GATT_SRV_CHAR_PROP_NOTIFY
STM32_BLE.SERVICE1_CHAR2_PROP_READ=BLE_GATT_SRV_CHAR_PROP_READ
STM32_BLE.SERVICE1_CHAR2_SHORT_NAME=Acc_Char
STM32_BLE.SERVICE1_CHAR2_UUID=12 34 56 78 12 34 56 78 12 34 56 78 9A BC 21 02
STM32_BLE.SERVICE1_CHAR2_UUID_128_INPUT_TYPE=1
STM32_BLE.SERVICE1_CHAR2_VALUE_LENGTH=6
STM32_BLE.SERVICE1_CHAR3_CHARACTERISTIC_TYPE=Buffered
STM32_BLE.SERVICE1_CHAR3_GATT_NOTIFY_READ_REQ_AND_WAIT_FOR_APPL_RESP=\ 
STM32_BLE.SERVICE1_CHAR3_GATT_NOTIFY_WRITE_REQ_AND_WAIT_FOR_APPL_RESP=\ 
STM32_BLE.SERVICE1_CHAR3_LENGTH_CHARACTERISTIC=CHAR_VALUE_LEN_VARIABLE
STM32_BLE.SERVICE1_CHAR3_LONG_NAME=TEMP_Char
STM32_BLE.SERVICE1_CHAR3_PROP_NOTIFY=BLE_GATT_SRV_CHAR_PROP_NOTIFY
STM32_BLE.SERVICE1_CHAR3_PROP_READ=BLE_GATT_SRV_CHAR_PROP_READ
STM32_BLE.SERVICE1_CHAR3_SHORT_NAME=TEMP_Char
STM32_BLE.SERVICE1_CHAR3_UUID=12 34 56 78 12 34 56 78 12 34 56 78 9A BC 22 01
STM32_BLE.SERVICE1_CHAR3_UUID_128_INPUT_TYPE=1
STM32_BLE.SERVICE1_CHAR3_VALUE_LENGTH=2
STM32_BLE.SERVICE1_CHAR4_CHARACTERISTIC_TYPE=Buffered
STM32_BLE.SERVICE1_CHAR4_GATT_NOTIFY_READ_REQ_AND_WAIT_FOR_APPL_RESP=\ 
STM32_BLE.SERVICE1_CHAR4_GATT_NOTIFY_WRITE_REQ_AND_WAIT_FOR_APPL_RESP=\ 
STM32_BLE.SERVICE1_CHAR4_LENGTH_CHARACTERISTIC=CHAR_VALUE_LEN_VARIABLE
STM32_BLE.SERVICE1_CHAR4_LONG_NAME=HUM_Char
STM32_BLE.SERVICE1_CHAR4_PROP_NOTIFY=BLE_GATT_SRV_CHAR_PROP_NOTIFY
STM32_BLE.SERVICE1_CHAR4_PROP_READ=BLE_GATT_SRV_CHAR_PROP_READ
STM32_BLE.SERVICE1_CHAR4_SHORT_NAME=HUM_Char
STM32_BLE.SERVICE1_CHAR4_UUID=12 34 56 78 12 34 56 78 12 34 56 78 9A BC 22 02
STM32_BLE.SERVICE1_CHAR4_UUID_128_INPUT_TYPE=1
STM32_BLE.SERVICE1_CHAR4_VALUE_LENGTH=2
STM32_BLE.SERVICE1_CHAR5_CHARACTERISTIC_TYPE=Buffered
STM32_BLE.SERVICE1_CHAR5_GATT_NOTIFY_READ_REQ_AND_WAIT_FOR_APPL_RESP=\ 
STM32_BLE.SERVICE1_CHAR5_GATT_NOTIFY_WRITE_REQ_AND_WAIT_FOR_APPL_RESP=\ 
STM32_BLE.SERVICE1_CHAR5_LENGTH_CHARACTERISTIC=CHAR_VALUE_LEN_VARIABLE
STM32_BLE.SERVICE1_CHAR5_LONG_NAME=PRS_Char
STM32_BLE.SERVICE1_CHAR5_PROP_NOTIFY=BLE_GATT_SRV_CHAR_PROP_NOTIFY
STM32_BLE.SERVICE1_CHAR5_PROP_READ=BLE_GATT_SRV_CHAR_PROP_READ
STM32_BLE.SERVICE1_CHAR5_SHORT_NAME=PRS_Char
STM32_BLE.SERVICE1_CHAR5_UUID=12 34 56 78 12 34 56 78 12 34 56 78 9A BC 20 03
STM32_BLE.SERVICE1_CHAR5_UUID_128_INPUT_TYPE=1
STM32_BLE.SERVICE1_CHAR5_VALUE_LENGTH=3
STM32_BLE.SERVICE1_LONG_NAME=SENSOR_Server
STM32_BLE.SERVICE1_NUMBER_OF_CHARACTERISTICS=5
STM32_BLE.SERVICE1_SHORT_NAME=SENSOR_Server
STM32_BLE.SERVICE1_UUID=12 34 56 78 12 34 56 78 12 34 56 78 9A BC 20 00
STM32_BLE.SERVICE1_UUID_128_INPUT_TYPE=1
STM32_BLE.SERVICE2_CHAR1_GATT_NOTIFY_READ_REQ_AND_WAIT_FOR_APPL_RESP=\ 
STM32_BLE.SERVICE2_CHAR1_GATT_NOTIFY_WRITE_REQ_AND_WAIT_FOR_APPL_RESP=\ 
STM32_BLE.SERVICE2_CHAR1_LENGTH_CHARACTERISTIC=CHAR_VALUE_LEN_VARIABLE
STM32_BLE.SERVICE2_CHAR1_LONG_NAME=MCmd_Char
STM32_BLE.SERVICE2_CHAR1_PROP_READ=BLE_GATT_SRV_CHAR_PROP_READ
STM32_BLE.SERVICE2_CHAR1_PROP_WRITE=\ 
STM32_BLE.SERVICE2_CHAR1_PROP_WRITE_NO_RESP=BLE_GATT_SRV_CHAR_PROP_WRITE_NO_RESP
STM32_BLE.SERVICE2_CHAR1_SHORT_NAME=MCmd_Char
STM32_BLE.SERVICE2_CHAR1_UUID=12 34 56 78 12 34 56 78 12 34 56 78 9A BC 30 01
STM32_BLE.SERVICE2_CHAR1_UUID_128_INPUT_TYPE=1
STM32_BLE.SERVICE2_CHAR1_VALUE_LENGTH=2
STM32_BLE.SERVICE2_LONG_NAME=MOTOR_Server
STM32_BLE.SERVICE2_NUMBER_OF_CHARACTERISTICS=1
STM32_BLE.SERVICE2_SHORT_NAME=MOTOR_Server
STM32_BLE.SERVICE2_UUID=12 34 56 78 12 34 56 78 12 34 56 78 9A BC 30 00
STM32_BLE.SERVICE2_UUID_128_INPUT_TYPE=1
STM32_BLE.SERVICE3_CHAR1_GATT_NOTIFY_READ_REQ_AND_WAIT_FOR_APPL_RESP=\ 
STM32_BLE.SERVICE3_CHAR1_GATT_NOTIFY_WRITE_REQ_AND_WAIT_FOR_APPL_RESP=\ 
STM32_BLE.SERVICE3_CHAR1_LENGTH_CHARACTERISTIC=CHAR_VALUE_LEN_VARIABLE
STM32_BLE.SERVICE3_CHAR1_LONG_NAME=BList_state_Char
STM32_BLE.SERVICE3_CHAR1_PROP_READ=BLE_GATT_SRV_CHAR_PROP_READ
STM32_BLE.SERVICE3_CHAR1_PROP_WRITE_NO_RESP=BLE_GATT_SRV_CHAR_PROP_WRITE_NO_RESP
STM32_BLE.SERVICE3_CHAR1_SHORT_NAME=BList_state_Char
STM32_BLE.SERVICE3_CHAR1_UUID=12 34 56 78 12 34 56 78 12 34 56 78 9A BC 40 01
STM32_BLE.SERVICE3_CHAR1_UUID_128_INPUT_TYPE=1
STM32_BLE.SERVICE3_CHAR2_GATT_NOTIFY_READ_REQ_AND_WAIT_FOR_APPL_RESP=\ 
STM32_BLE.SERVICE3_CHAR2_GATT_NOTIFY_WRITE_REQ_AND_WAIT_FOR_APPL_RESP=\ 
STM32_BLE.SERVICE3_CHAR2_LENGTH_CHARACTERISTIC=CHAR_VALUE_LEN_VARIABLE
STM32_BLE.SERVICE3_CHAR2_LONG_NAME=BList_Char
STM32_BLE.SERVICE3_CHAR2_PROP_NOTIFY=BLE_GATT_SRV_CHAR_PROP_NOTIFY
STM32_BLE.SERVICE3_CHAR2_PROP_READ=BLE_GATT_SRV_CHAR_PROP_READ
STM32_BLE.SERVICE3_CHAR2_SHORT_NAME=BList_Char
STM32_BLE.SERVICE3_CHAR2_UUID=12 34 56 78 12 34 56 78 12 34 56 78 9A BC 40 02
STM32_BLE.SERVICE3_CHAR2_UUID_128_INPUT_TYPE=1
STM32_BLE.SERVICE3_CHAR2_VALUE_LENGTH=255
STM32_BLE.SERVICE3_CHAR3_GATT_NOTIFY_READ_REQ_AND_WAIT_FOR_APPL_RESP=\ 
STM32_BLE.SERVICE3_CHAR3_GATT_NOTIFY_WRITE_REQ_AND_WAIT_FOR_APPL_RESP=\ 
STM32_BLE.SERVICE3_CHAR3_LENGTH_CHARACTERISTIC=CHAR_VALUE_LEN_VARIABLE
STM32_BLE.SERVICE3_CHAR3_LONG_NAME=Device_Name_Char
STM32_BLE.SERVICE3_CHAR3_PROP_READ=BLE_GATT_SRV_CHAR_PROP_READ
STM32_BLE.SERVICE3_CHAR3_PROP_WRITE_NO_RESP=BLE_GATT_SRV_CHAR_PROP_WRITE_NO_RESP
STM32_BLE.SERVICE3_CHAR3_SHORT_NAME=Device_Name_Char
STM32_BLE.SERVICE3_CHAR3_UUID=12 34 56 78 12 34 56 78 12 34 56 78 9A BC 40 03
STM32_BLE.SERVICE3_CHAR3_UUID_128_INPUT_TYPE=1
STM32_BLE.SERVICE3_CHAR3_VALUE_LENGTH=20
STM32_BLE.SERVICE3_LONG_NAME=BConnection_Server
STM32_BLE.SERVICE3_NUMBER_OF_CHARACTERISTICS=3
STM32_BLE.SERVICE3_SHORT_NAME=BConnection_Server
STM32_BLE.SERVICE3_UUID=12 34 56 78 12 34 56 78 12 34 56 78 9A BC 40 00
STM32_BLE.SERVICE3_UUID_128_INPUT_TYPE=1
STM32_BLE0.BSP.STBoard=false
STM32_BLE0.BSP.api=Unknown
STM32_BLE0.BSP.component=
STM32_BLE0.BSP.condition=
STM32_BLE0.BSP.instance=USART1
STM32_BLE0.BSP.ip=(LPU|US)ART
STM32_BLE0.BSP.mode=Asynchronous
STM32_BLE0.BSP.name=Serial Link for Traces
STM32_BLE0.BSP.semaphore=
STM32_BLE0.BSP.solution=USART1
STMicroelectronics.X-CUBE-BLE1.7.0.0.DeviceJjBLE1IiApplications_Checked=false
STMicroelectronics.X-CUBE-BLE1.7.0.0_SwParameter=BLE1IiApplicationsCcDeviceJjApplication\:SensorDemoBLESensor;
TIM1.Channel-PWM\ Generation1\ CH1=TIM_CHANNEL_1
TIM1.Channel-PWM\ Generation2\ CH2=TIM_CHANNEL_2
TIM1.Channel-PWM\ Generation3\ CH3=TIM_CHANNEL_3
TIM1.Channel-PWM\ Generation4\ CH4=TIM_CHANNEL_4
TIM1.IPParameters=Channel-PWM Generation4 CH4,Channel-PWM Generation3 CH3,Channel-PWM Generation1 CH1,Channel-PWM Generation2 CH2
USART1.BaudRate=9600
USART1.IPParameters=VirtualMode-Asynchronous,BaudRate
USART1.VirtualMode-Asynchronous=VM_ASYNC
VP_ADV_TRACE_VS_ADV_TRACE.Mode=ADV_TRACE_Enabled
VP_ADV_TRACE_VS_ADV_TRACE.Signal=ADV_TRACE_VS_ADV_TRACE
VP_COMMON_BLE_VS_Utility_Common_BLE_1.0.0_1.0.0.Mode=Utility_Common
VP_COMMON_BLE_VS_Utility_Common_BLE_1.0.0_1.0.0.Signal=COMMON_BLE_VS_Utility_Common_BLE_1.0.0_1.0.0
VP_MEMORYMAP_VS_MEMORYMAP.Mode=CurAppReg
VP_MEMORYMAP_VS_MEMORYMAP.Signal=MEMORYMAP_VS_MEMORYMAP
VP_MISC_VS_MISC.Mode=MISC_Enabled
VP_MISC_VS_MISC.Signal=MISC_VS_MISC
VP_PKA_VS_PKA.Mode=PKA_Activate
VP_PKA_VS_PKA.Signal=PKA_VS_PKA
VP_PWR_VS_SECSignals.Mode=Security/Privilege
VP_PWR_VS_SECSignals.Signal=PWR_VS_SECSignals
VP_RADIO_TIMER_VS_RADIO.Mode=RADIO_Activate
VP_RADIO_TIMER_VS_RADIO.Signal=RADIO_TIMER_VS_RADIO
VP_RNG_VS_RNG.Mode=RNG_Activate
VP_RNG_VS_RNG.Signal=RNG_VS_RNG
VP_RTC_VS_RTC_Activate.Mode=RTC_Enabled
VP_RTC_VS_RTC_Activate.Signal=RTC_VS_RTC_Activate
VP_SEQUENCER_VS_SEQUENCER.Mode=SEQUENCER_Enabled
VP_SEQUENCER_VS_SEQUENCER.Signal=SEQUENCER_VS_SEQUENCER
VP_STM32_BLE_VS_BLE_HOST_RP.Mode=BLE_Router
VP_STM32_BLE_VS_BLE_HOST_RP.Signal=STM32_BLE_VS_BLE_HOST_RP
VP_SYS_VS_Systick.Mode=SysTick
VP_SYS_VS_Systick.Signal=SYS_VS_Systick
VP_TINY_LPM_VS_TINY_LPM.Mode=TINY_LPM_Enabled
VP_TINY_LPM_VS_TINY_LPM.Signal=TINY_LPM_VS_TINY_LPM
board=custom
